
Microsoft Visual Studio Solution File, Format Version 12.00
# Visual Studio Version 16
VisualStudioVersion = 16.0.28803.452
MinimumVisualStudioVersion = 10.0.40219.1
Project("{FAE04EC0-301F-11D3-BF4B-00C04F79EFBC}") = "0601", "0601\0601.csproj", "{E6934B86-CC95-42E4-BE88-1A56729DA037}"
EndProject
Global
	GlobalSection(SolutionConfigurationPlatforms) = preSolution
		Debug|Any CPU = Debug|Any CPU
		Release|Any CPU = Release|Any CPU
	EndGlobalSection
	GlobalSection(ProjectConfigurationPlatforms) = postSolution
		{E6934B86-CC95-42E4-BE88-1A56729DA037}.Debug|Any CPU.ActiveCfg = Debug|Any CPU
		{E6934B86-CC95-42E4-BE88-1A56729DA037}.Debug|Any CPU.Build.0 = Debug|Any CPU
		{E6934B86-CC95-42E4-BE88-1A56729DA037}.Release|Any CPU.ActiveCfg = Release|Any CPU
		{E6934B86-CC95-42E4-BE88-1A56729DA037}.Release|Any CPU.Build.0 = Release|Any CPU
	EndGlobalSection
	GlobalSection(SolutionProperties) = preSolution
		HideSolutionNode = FALSE
	EndGlobalSection
	GlobalSection(ExtensibilityGlobals) = postSolution
		SolutionGuid = {F13BB89A-3326-4DA1-AE9F-F6AE4DC25887}
	EndGlobalSection
EndGlobal
